{
  "version": 4,
  "terraform_version": "1.14.3",
  "serial": 30,
  "lineage": "61997405-76c6-382c-4103-e984caba9334",
  "outputs": {
    "cloud_region": {
      "value": "us-west-2",
      "type": "string"
    },
    "confluent_environment_id": {
      "value": "env-p6rg5k",
      "type": "string"
    },
    "confluent_kafka_cluster_bootstrap_endpoint": {
      "value": "SASL_SSL://pkc-n98pk.us-west-2.aws.confluent.cloud:9092",
      "type": "string"
    },
    "confluent_kafka_cluster_id": {
      "value": "lkc-wr7qym",
      "type": "string"
    },
    "confluent_schema_registry_endpoint": {
      "value": "https://psrc-m5k9x.us-west-2.aws.confluent.cloud",
      "type": "string"
    },
    "confluent_schema_registry_id": {
      "value": "lsrc-k38d6m",
      "type": "string"
    },
    "connector_id": {
      "value": "lcc-qg2d62",
      "type": "string"
    },
    "connector_name": {
      "value": "txp-cdc-source",
      "type": "string"
    },
    "kafka_topics": {
      "value": {
        "customers": "txp.public.customers",
        "transactions": "txp.public.transactions"
      },
      "type": [
        "object",
        {
          "customers": "string",
          "transactions": "string"
        }
      ]
    },
    "rds_address": {
      "value": "txp-db-69025db6.cndsjke6xo5r.us-west-2.rds.amazonaws.com",
      "type": "string"
    },
    "rds_allowed_cidr_blocks": {
      "value": [
        "35.80.209.50/32",
        "35.81.13.52/32",
        "35.83.49.171/32",
        "35.161.10.145/32",
        "35.161.229.13/32",
        "35.163.98.130/32",
        "44.224.191.248/32",
        "44.226.85.132/32",
        "44.232.150.154/32",
        "44.235.136.122/32",
        "44.237.176.196/32",
        "44.238.116.230/32",
        "44.241.29.51/32",
        "44.241.78.207/32",
        "52.26.247.161/32",
        "52.26.252.137/32",
        "52.34.192.104/32",
        "54.69.4.7/32",
        "54.70.129.13/32",
        "54.149.169.14/32",
        "54.184.188.46/32",
        "54.203.66.5/32",
        "54.212.67.95/32",
        "73.189.157.48/32"
      ],
      "type": [
        "list",
        "string"
      ]
    },
    "rds_database_name": {
      "value": "postgresdb",
      "type": "string"
    },
    "rds_endpoint": {
      "value": "txp-db-69025db6.cndsjke6xo5r.us-west-2.rds.amazonaws.com:5432",
      "type": "string"
    },
    "rds_port": {
      "value": 5432,
      "type": "number"
    },
    "rds_security_group_id": {
      "value": "sg-059ec4791ee4b4fe4",
      "type": "string"
    },
    "schema_registry_api_key": {
      "value": "MOSF747V2AEEX7GC",
      "type": "string"
    },
    "schema_registry_api_secret": {
      "value": "cfltb3a34IdeosG/JojsTnyNM511vzi6ps9LuxUd9GVWWEfd+r9GxeUJgBsg7svQ",
      "type": "string",
      "sensitive": true
    },
    "schema_subjects": {
      "value": {
        "customers_key": "txp.public.customers-key",
        "customers_value": "txp.public.customers-value",
        "transactions_key": "txp.public.transactions-key",
        "transactions_value": "txp.public.transactions-value"
      },
      "type": [
        "object",
        {
          "customers_key": "string",
          "customers_value": "string",
          "transactions_key": "string",
          "transactions_value": "string"
        }
      ]
    }
  },
  "resources": [
    {
      "mode": "data",
      "type": "aws_subnet",
      "name": "all",
      "provider": "provider[\"registry.terraform.io/hashicorp/aws\"]",
      "instances": [
        {
          "index_key": "subnet-00cce962633e5902e",
          "schema_version": 0,
          "attributes": {
            "arn": "arn:aws:ec2:us-west-2:829250931565:subnet/subnet-00cce962633e5902e",
            "assign_ipv6_address_on_creation": false,
            "availability_zone": "us-west-2c",
            "availability_zone_id": "usw2-az3",
            "available_ip_address_count": 251,
            "cidr_block": "10.49.3.0/24",
            "customer_owned_ipv4_pool": "",
            "default_for_az": false,
            "enable_dns64": false,
            "enable_lni_at_device_index": 0,
            "enable_resource_name_dns_a_record_on_launch": false,
            "enable_resource_name_dns_aaaa_record_on_launch": false,
            "filter": null,
            "id": "subnet-00cce962633e5902e",
            "ipv6_cidr_block": "",
            "ipv6_cidr_block_association_id": "",
            "ipv6_native": false,
            "map_customer_owned_ip_on_launch": false,
            "map_public_ip_on_launch": true,
            "outpost_arn": "",
            "owner_id": "829250931565",
            "private_dns_hostname_type_on_launch": "ip-name",
            "state": "available",
            "tags": {
              "Name": "justin-usw2-49-az3-2c",
              "Owner": "Justin Lee",
              "divvy_last_modified_by": "jlee@confluent.io",
              "expiration": "2025-06-16",
              "owner_email": "jlee@confluent.io",
              "tf_last_modified": "2025-05-16",
              "tf_owner": "Justin Lee",
              "tf_owner_email": "jlee@confluent.io",
              "tf_provenance": "github.com/justinrlee/private-terraform/aws/usw2"
            },
            "timeouts": null,
            "vpc_id": "vpc-03016998064d00b78"
          },
          "sensitive_attributes": [],
          "identity_schema_version": 0
        },
        {
          "index_key": "subnet-02de7a2742608a426",
          "schema_version": 0,
          "attributes": {
            "arn": "arn:aws:ec2:us-west-2:829250931565:subnet/subnet-02de7a2742608a426",
            "assign_ipv6_address_on_creation": false,
            "availability_zone": "us-west-2d",
            "availability_zone_id": "usw2-az4",
            "available_ip_address_count": 251,
            "cidr_block": "10.49.14.0/24",
            "customer_owned_ipv4_pool": "",
            "default_for_az": false,
            "enable_dns64": false,
            "enable_lni_at_device_index": 0,
            "enable_resource_name_dns_a_record_on_launch": false,
            "enable_resource_name_dns_aaaa_record_on_launch": false,
            "filter": null,
            "id": "subnet-02de7a2742608a426",
            "ipv6_cidr_block": "",
            "ipv6_cidr_block_association_id": "",
            "ipv6_native": false,
            "map_customer_owned_ip_on_launch": false,
            "map_public_ip_on_launch": false,
            "outpost_arn": "",
            "owner_id": "829250931565",
            "private_dns_hostname_type_on_launch": "ip-name",
            "state": "available",
            "tags": {
              "Name": "justin-usw2-49-az4-2d-private",
              "Owner": "Justin Lee",
              "divvy_last_modified_by": "jlee@confluent.io",
              "expiration": "2025-06-16",
              "owner_email": "jlee@confluent.io",
              "tf_last_modified": "2025-05-16",
              "tf_owner": "Justin Lee",
              "tf_owner_email": "jlee@confluent.io",
              "tf_provenance": "github.com/justinrlee/private-terraform/aws/usw2"
            },
            "timeouts": null,
            "vpc_id": "vpc-03016998064d00b78"
          },
          "sensitive_attributes": [],
          "identity_schema_version": 0
        },
        {
          "index_key": "subnet-0519597a0ec7b9919",
          "schema_version": 0,
          "attributes": {
            "arn": "arn:aws:ec2:us-west-2:829250931565:subnet/subnet-0519597a0ec7b9919",
            "assign_ipv6_address_on_creation": false,
            "availability_zone": "us-west-2a",
            "availability_zone_id": "usw2-az2",
            "available_ip_address_count": 250,
            "cidr_block": "10.49.2.0/24",
            "customer_owned_ipv4_pool": "",
            "default_for_az": false,
            "enable_dns64": false,
            "enable_lni_at_device_index": 0,
            "enable_resource_name_dns_a_record_on_launch": false,
            "enable_resource_name_dns_aaaa_record_on_launch": false,
            "filter": null,
            "id": "subnet-0519597a0ec7b9919",
            "ipv6_cidr_block": "",
            "ipv6_cidr_block_association_id": "",
            "ipv6_native": false,
            "map_customer_owned_ip_on_launch": false,
            "map_public_ip_on_launch": true,
            "outpost_arn": "",
            "owner_id": "829250931565",
            "private_dns_hostname_type_on_launch": "ip-name",
            "state": "available",
            "tags": {
              "Name": "justin-usw2-49-az2-2a",
              "Owner": "Justin Lee",
              "divvy_last_modified_by": "jlee@confluent.io",
              "expiration": "2025-06-16",
              "owner_email": "jlee@confluent.io",
              "tf_last_modified": "2025-05-16",
              "tf_owner": "Justin Lee",
              "tf_owner_email": "jlee@confluent.io",
              "tf_provenance": "github.com/justinrlee/private-terraform/aws/usw2"
            },
            "timeouts": null,
            "vpc_id": "vpc-03016998064d00b78"
          },
          "sensitive_attributes": [],
          "identity_schema_version": 0
        },
        {
          "index_key": "subnet-05b34fabfd3957bd4",
          "schema_version": 0,
          "attributes": {
            "arn": "arn:aws:ec2:us-west-2:829250931565:subnet/subnet-05b34fabfd3957bd4",
            "assign_ipv6_address_on_creation": false,
            "availability_zone": "us-west-2b",
            "availability_zone_id": "usw2-az1",
            "available_ip_address_count": 251,
            "cidr_block": "10.49.11.0/24",
            "customer_owned_ipv4_pool": "",
            "default_for_az": false,
            "enable_dns64": false,
            "enable_lni_at_device_index": 0,
            "enable_resource_name_dns_a_record_on_launch": false,
            "enable_resource_name_dns_aaaa_record_on_launch": false,
            "filter": null,
            "id": "subnet-05b34fabfd3957bd4",
            "ipv6_cidr_block": "",
            "ipv6_cidr_block_association_id": "",
            "ipv6_native": false,
            "map_customer_owned_ip_on_launch": false,
            "map_public_ip_on_launch": false,
            "outpost_arn": "",
            "owner_id": "829250931565",
            "private_dns_hostname_type_on_launch": "ip-name",
            "state": "available",
            "tags": {
              "Name": "justin-usw2-49-az1-2b-private",
              "Owner": "Justin Lee",
              "divvy_last_modified_by": "jlee@confluent.io",
              "expiration": "2025-06-16",
              "owner_email": "jlee@confluent.io",
              "tf_last_modified": "2025-05-16",
              "tf_owner": "Justin Lee",
              "tf_owner_email": "jlee@confluent.io",
              "tf_provenance": "github.com/justinrlee/private-terraform/aws/usw2"
            },
            "timeouts": null,
            "vpc_id": "vpc-03016998064d00b78"
          },
          "sensitive_attributes": [],
          "identity_schema_version": 0
        },
        {
          "index_key": "subnet-086bd29c0a894a925",
          "schema_version": 0,
          "attributes": {
            "arn": "arn:aws:ec2:us-west-2:829250931565:subnet/subnet-086bd29c0a894a925",
            "assign_ipv6_address_on_creation": false,
            "availability_zone": "us-west-2a",
            "availability_zone_id": "usw2-az2",
            "available_ip_address_count": 251,
            "cidr_block": "10.49.12.0/24",
            "customer_owned_ipv4_pool": "",
            "default_for_az": false,
            "enable_dns64": false,
            "enable_lni_at_device_index": 0,
            "enable_resource_name_dns_a_record_on_launch": false,
            "enable_resource_name_dns_aaaa_record_on_launch": false,
            "filter": null,
            "id": "subnet-086bd29c0a894a925",
            "ipv6_cidr_block": "",
            "ipv6_cidr_block_association_id": "",
            "ipv6_native": false,
            "map_customer_owned_ip_on_launch": false,
            "map_public_ip_on_launch": false,
            "outpost_arn": "",
            "owner_id": "829250931565",
            "private_dns_hostname_type_on_launch": "ip-name",
            "state": "available",
            "tags": {
              "Name": "justin-usw2-49-az2-2a-private",
              "Owner": "Justin Lee",
              "divvy_last_modified_by": "jlee@confluent.io",
              "expiration": "2025-06-16",
              "owner_email": "jlee@confluent.io",
              "tf_last_modified": "2025-05-16",
              "tf_owner": "Justin Lee",
              "tf_owner_email": "jlee@confluent.io",
              "tf_provenance": "github.com/justinrlee/private-terraform/aws/usw2"
            },
            "timeouts": null,
            "vpc_id": "vpc-03016998064d00b78"
          },
          "sensitive_attributes": [],
          "identity_schema_version": 0
        },
        {
          "index_key": "subnet-0d9256fe976ca3b56",
          "schema_version": 0,
          "attributes": {
            "arn": "arn:aws:ec2:us-west-2:829250931565:subnet/subnet-0d9256fe976ca3b56",
            "assign_ipv6_address_on_creation": false,
            "availability_zone": "us-west-2b",
            "availability_zone_id": "usw2-az1",
            "available_ip_address_count": 251,
            "cidr_block": "10.49.1.0/24",
            "customer_owned_ipv4_pool": "",
            "default_for_az": false,
            "enable_dns64": false,
            "enable_lni_at_device_index": 0,
            "enable_resource_name_dns_a_record_on_launch": false,
            "enable_resource_name_dns_aaaa_record_on_launch": false,
            "filter": null,
            "id": "subnet-0d9256fe976ca3b56",
            "ipv6_cidr_block": "",
            "ipv6_cidr_block_association_id": "",
            "ipv6_native": false,
            "map_customer_owned_ip_on_launch": false,
            "map_public_ip_on_launch": true,
            "outpost_arn": "",
            "owner_id": "829250931565",
            "private_dns_hostname_type_on_launch": "ip-name",
            "state": "available",
            "tags": {
              "Name": "justin-usw2-49-az1-2b",
              "Owner": "Justin Lee",
              "divvy_last_modified_by": "jlee@confluent.io",
              "expiration": "2025-06-16",
              "owner_email": "jlee@confluent.io",
              "tf_last_modified": "2025-05-16",
              "tf_owner": "Justin Lee",
              "tf_owner_email": "jlee@confluent.io",
              "tf_provenance": "github.com/justinrlee/private-terraform/aws/usw2"
            },
            "timeouts": null,
            "vpc_id": "vpc-03016998064d00b78"
          },
          "sensitive_attributes": [],
          "identity_schema_version": 0
        },
        {
          "index_key": "subnet-0f2cc69f65fd0b5a1",
          "schema_version": 0,
          "attributes": {
            "arn": "arn:aws:ec2:us-west-2:829250931565:subnet/subnet-0f2cc69f65fd0b5a1",
            "assign_ipv6_address_on_creation": false,
            "availability_zone": "us-west-2c",
            "availability_zone_id": "usw2-az3",
            "available_ip_address_count": 251,
            "cidr_block": "10.49.13.0/24",
            "customer_owned_ipv4_pool": "",
            "default_for_az": false,
            "enable_dns64": false,
            "enable_lni_at_device_index": 0,
            "enable_resource_name_dns_a_record_on_launch": false,
            "enable_resource_name_dns_aaaa_record_on_launch": false,
            "filter": null,
            "id": "subnet-0f2cc69f65fd0b5a1",
            "ipv6_cidr_block": "",
            "ipv6_cidr_block_association_id": "",
            "ipv6_native": false,
            "map_customer_owned_ip_on_launch": false,
            "map_public_ip_on_launch": false,
            "outpost_arn": "",
            "owner_id": "829250931565",
            "private_dns_hostname_type_on_launch": "ip-name",
            "state": "available",
            "tags": {
              "Name": "justin-usw2-49-az3-2c-private",
              "Owner": "Justin Lee",
              "divvy_last_modified_by": "jlee@confluent.io",
              "expiration": "2025-06-16",
              "owner_email": "jlee@confluent.io",
              "tf_last_modified": "2025-05-16",
              "tf_owner": "Justin Lee",
              "tf_owner_email": "jlee@confluent.io",
              "tf_provenance": "github.com/justinrlee/private-terraform/aws/usw2"
            },
            "timeouts": null,
            "vpc_id": "vpc-03016998064d00b78"
          },
          "sensitive_attributes": [],
          "identity_schema_version": 0
        },
        {
          "index_key": "subnet-0f882afa70677b6fc",
          "schema_version": 0,
          "attributes": {
            "arn": "arn:aws:ec2:us-west-2:829250931565:subnet/subnet-0f882afa70677b6fc",
            "assign_ipv6_address_on_creation": false,
            "availability_zone": "us-west-2d",
            "availability_zone_id": "usw2-az4",
            "available_ip_address_count": 251,
            "cidr_block": "10.49.4.0/24",
            "customer_owned_ipv4_pool": "",
            "default_for_az": false,
            "enable_dns64": false,
            "enable_lni_at_device_index": 0,
            "enable_resource_name_dns_a_record_on_launch": false,
            "enable_resource_name_dns_aaaa_record_on_launch": false,
            "filter": null,
            "id": "subnet-0f882afa70677b6fc",
            "ipv6_cidr_block": "",
            "ipv6_cidr_block_association_id": "",
            "ipv6_native": false,
            "map_customer_owned_ip_on_launch": false,
            "map_public_ip_on_launch": true,
            "outpost_arn": "",
            "owner_id": "829250931565",
            "private_dns_hostname_type_on_launch": "ip-name",
            "state": "available",
            "tags": {
              "Name": "justin-usw2-49-az4-2d",
              "Owner": "Justin Lee",
              "divvy_last_modified_by": "jlee@confluent.io",
              "expiration": "2025-06-16",
              "owner_email": "jlee@confluent.io",
              "tf_last_modified": "2025-05-16",
              "tf_owner": "Justin Lee",
              "tf_owner_email": "jlee@confluent.io",
              "tf_provenance": "github.com/justinrlee/private-terraform/aws/usw2"
            },
            "timeouts": null,
            "vpc_id": "vpc-03016998064d00b78"
          },
          "sensitive_attributes": [],
          "identity_schema_version": 0
        }
      ]
    },
    {
      "mode": "data",
      "type": "aws_subnets",
      "name": "existing",
      "provider": "provider[\"registry.terraform.io/hashicorp/aws\"]",
      "instances": [
        {
          "schema_version": 0,
          "attributes": {
            "filter": [
              {
                "name": "vpc-id",
                "values": [
                  "vpc-03016998064d00b78"
                ]
              }
            ],
            "id": "us-west-2",
            "ids": [
              "subnet-05b34fabfd3957bd4",
              "subnet-0d9256fe976ca3b56",
              "subnet-0f882afa70677b6fc",
              "subnet-086bd29c0a894a925",
              "subnet-02de7a2742608a426",
              "subnet-0f2cc69f65fd0b5a1",
              "subnet-0519597a0ec7b9919",
              "subnet-00cce962633e5902e"
            ],
            "tags": null,
            "timeouts": null
          },
          "sensitive_attributes": [],
          "identity_schema_version": 0
        }
      ]
    },
    {
      "mode": "data",
      "type": "aws_vpc",
      "name": "existing",
      "provider": "provider[\"registry.terraform.io/hashicorp/aws\"]",
      "instances": [
        {
          "schema_version": 0,
          "attributes": {
            "arn": "arn:aws:ec2:us-west-2:829250931565:vpc/vpc-03016998064d00b78",
            "cidr_block": "10.49.0.0/16",
            "cidr_block_associations": [
              {
                "association_id": "vpc-cidr-assoc-09597777274053c6f",
                "cidr_block": "10.49.0.0/16",
                "state": "associated"
              }
            ],
            "default": false,
            "dhcp_options_id": "dopt-4b3aa632",
            "enable_dns_hostnames": true,
            "enable_dns_support": true,
            "enable_network_address_usage_metrics": false,
            "filter": null,
            "id": "vpc-03016998064d00b78",
            "instance_tenancy": "default",
            "ipv6_association_id": "",
            "ipv6_cidr_block": "",
            "main_route_table_id": "rtb-0d73283abf57598b6",
            "owner_id": "829250931565",
            "state": null,
            "tags": {
              "Name": "justin-usw2-49",
              "Owner": "Justin Lee",
              "divvy_last_modified_by": "jlee@confluent.io",
              "expiration": "2025-06-16",
              "owner_email": "jlee@confluent.io",
              "tf_last_modified": "2025-05-16",
              "tf_owner": "Justin Lee",
              "tf_owner_email": "jlee@confluent.io",
              "tf_provenance": "github.com/justinrlee/private-terraform/aws/usw2"
            },
            "timeouts": null
          },
          "sensitive_attributes": [],
          "identity_schema_version": 0
        }
      ]
    },
    {
      "mode": "data",
      "type": "confluent_schema_registry_cluster",
      "name": "cdc_sr",
      "provider": "provider[\"registry.terraform.io/confluentinc/confluent\"]",
      "instances": [
        {
          "schema_version": 0,
          "attributes": {
            "api_version": "srcm/v3",
            "catalog_endpoint": "https://psrc-m5k9x.us-west-2.aws.confluent.cloud",
            "cloud": "AWS",
            "display_name": "Always On Stream Governance Package",
            "environment": [
              {
                "id": "env-p6rg5k"
              }
            ],
            "id": "lsrc-k38d6m",
            "kind": "Cluster",
            "package": "ADVANCED",
            "private_regional_rest_endpoints": {
              "us-west-2": "https://lsrc-k38d6m.us-west-2.aws.private.confluent.cloud"
            },
            "private_rest_endpoint": "https://lsrc-k38d6m.us-west-2.aws.private.confluent.cloud",
            "region": "us-west-2",
            "resource_name": "crn://confluent.cloud/organization=49cee212-6346-438a-a1fa-d1b1cbd90d44/environment=env-p6rg5k/schema-registry=lsrc-k38d6m",
            "rest_endpoint": "https://psrc-m5k9x.us-west-2.aws.confluent.cloud"
          },
          "sensitive_attributes": [],
          "identity_schema_version": 0
        }
      ]
    },
    {
      "mode": "managed",
      "type": "aws_db_instance",
      "name": "postgres_db",
      "provider": "provider[\"registry.terraform.io/hashicorp/aws\"]",
      "instances": [
        {
          "schema_version": 2,
          "attributes": {
            "address": "txp-db-69025db6.cndsjke6xo5r.us-west-2.rds.amazonaws.com",
            "allocated_storage": 100,
            "allow_major_version_upgrade": null,
            "apply_immediately": true,
            "arn": "arn:aws:rds:us-west-2:829250931565:db:txp-db-69025db6",
            "auto_minor_version_upgrade": true,
            "availability_zone": "us-west-2a",
            "backup_retention_period": 0,
            "backup_target": "region",
            "backup_window": "11:39-12:09",
            "blue_green_update": [],
            "ca_cert_identifier": "rds-ca-rsa2048-g1",
            "character_set_name": "",
            "copy_tags_to_snapshot": false,
            "custom_iam_instance_profile": "",
            "customer_owned_ip_enabled": false,
            "database_insights_mode": "standard",
            "db_name": "postgresdb",
            "db_subnet_group_name": "txp-db-subnet-group-69025db6",
            "dedicated_log_volume": false,
            "delete_automated_backups": true,
            "deletion_protection": false,
            "domain": "",
            "domain_auth_secret_arn": "",
            "domain_dns_ips": null,
            "domain_fqdn": "",
            "domain_iam_role_name": "",
            "domain_ou": "",
            "enabled_cloudwatch_logs_exports": null,
            "endpoint": "txp-db-69025db6.cndsjke6xo5r.us-west-2.rds.amazonaws.com:5432",
            "engine": "postgres",
            "engine_lifecycle_support": "open-source-rds-extended-support",
            "engine_version": "17.4",
            "engine_version_actual": "17.4",
            "final_snapshot_identifier": null,
            "hosted_zone_id": "Z1PVIF0B656C1W",
            "iam_database_authentication_enabled": false,
            "id": "db-OQQVKXXSVLCBTJN66O7L3TTW6I",
            "identifier": "txp-db-69025db6",
            "identifier_prefix": "",
            "instance_class": "db.t3.medium",
            "iops": 3000,
            "kms_key_id": "",
            "latest_restorable_time": "",
            "license_model": "postgresql-license",
            "listener_endpoint": [],
            "maintenance_window": "sat:08:09-sat:08:39",
            "manage_master_user_password": null,
            "master_user_secret": [],
            "master_user_secret_kms_key_id": null,
            "max_allocated_storage": 0,
            "monitoring_interval": 0,
            "monitoring_role_arn": "",
            "multi_az": false,
            "nchar_character_set_name": "",
            "network_type": "IPV4",
            "option_group_name": "default:postgres-17",
            "parameter_group_name": "txp-pg-debezium-69025db6",
            "password": "ZutAlors123!",
            "password_wo": null,
            "password_wo_version": null,
            "performance_insights_enabled": false,
            "performance_insights_kms_key_id": "",
            "performance_insights_retention_period": 0,
            "port": 5432,
            "publicly_accessible": true,
            "replica_mode": "",
            "replicas": [],
            "replicate_source_db": "",
            "resource_id": "db-OQQVKXXSVLCBTJN66O7L3TTW6I",
            "restore_to_point_in_time": [],
            "s3_import": [],
            "skip_final_snapshot": true,
            "snapshot_identifier": null,
            "status": "available",
            "storage_encrypted": false,
            "storage_throughput": 125,
            "storage_type": "gp3",
            "tags": {
              "Name": "txp-postgresql"
            },
            "tags_all": {
              "Environment": "demo",
              "ManagedBy": "terraform",
              "Name": "txp-postgresql",
              "Owner": "jboyer@confluent.io",
              "Project": "cdc-postgres-cc-flink"
            },
            "timeouts": null,
            "timezone": "",
            "upgrade_storage_config": null,
            "username": "postgres",
            "vpc_security_group_ids": [
              "sg-059ec4791ee4b4fe4"
            ]
          },
          "sensitive_attributes": [
            [
              {
                "type": "get_attr",
                "value": "password"
              }
            ],
            [
              {
                "type": "get_attr",
                "value": "password_wo"
              }
            ]
          ],
          "identity_schema_version": 0,
          "private": "eyJlMmJmYjczMC1lY2FhLTExZTYtOGY4OC0zNDM2M2JjN2M0YzAiOnsiY3JlYXRlIjozMDAwMDAwMDAwMDAwLCJkZWxldGUiOjM2MDAwMDAwMDAwMDAsInVwZGF0ZSI6NDgwMDAwMDAwMDAwMH0sInNjaGVtYV92ZXJzaW9uIjoiMiJ9",
          "dependencies": [
            "aws_db_parameter_group.postgres_pg_params",
            "aws_db_subnet_group.postgres_db_subnet_group",
            "aws_security_group.postgres_db_sg",
            "data.aws_subnets.existing",
            "data.aws_vpc.existing",
            "random_id.env_display_id"
          ]
        }
      ]
    },
    {
      "mode": "managed",
      "type": "aws_db_parameter_group",
      "name": "postgres_pg_params",
      "provider": "provider[\"registry.terraform.io/hashicorp/aws\"]",
      "instances": [
        {
          "schema_version": 0,
          "attributes": {
            "arn": "arn:aws:rds:us-west-2:829250931565:pg:txp-pg-debezium-69025db6",
            "description": "Managed by Terraform",
            "family": "postgres17",
            "id": "txp-pg-debezium-69025db6",
            "name": "txp-pg-debezium-69025db6",
            "name_prefix": "",
            "parameter": [
              {
                "apply_method": "pending-reboot",
                "name": "rds.logical_replication",
                "value": "1"
              }
            ],
            "skip_destroy": false,
            "tags": {
              "Name": "txp-pg-debezium-params"
            },
            "tags_all": {
              "Environment": "demo",
              "ManagedBy": "terraform",
              "Name": "txp-pg-debezium-params",
              "Owner": "jboyer@confluent.io",
              "Project": "cdc-postgres-cc-flink"
            }
          },
          "sensitive_attributes": [],
          "identity_schema_version": 0,
          "private": "bnVsbA==",
          "dependencies": [
            "random_id.env_display_id"
          ]
        }
      ]
    },
    {
      "mode": "managed",
      "type": "aws_db_subnet_group",
      "name": "postgres_db_subnet_group",
      "provider": "provider[\"registry.terraform.io/hashicorp/aws\"]",
      "instances": [
        {
          "schema_version": 0,
          "attributes": {
            "arn": "arn:aws:rds:us-west-2:829250931565:subgrp:txp-db-subnet-group-69025db6",
            "description": "Managed by Terraform",
            "id": "txp-db-subnet-group-69025db6",
            "name": "txp-db-subnet-group-69025db6",
            "name_prefix": "",
            "subnet_ids": [
              "subnet-00cce962633e5902e",
              "subnet-02de7a2742608a426",
              "subnet-0519597a0ec7b9919",
              "subnet-05b34fabfd3957bd4",
              "subnet-086bd29c0a894a925",
              "subnet-0d9256fe976ca3b56",
              "subnet-0f2cc69f65fd0b5a1",
              "subnet-0f882afa70677b6fc"
            ],
            "supported_network_types": [
              "IPV4"
            ],
            "tags": {
              "Name": "txp-db-subnet-group"
            },
            "tags_all": {
              "Environment": "demo",
              "ManagedBy": "terraform",
              "Name": "txp-db-subnet-group",
              "Owner": "jboyer@confluent.io",
              "Project": "cdc-postgres-cc-flink"
            },
            "vpc_id": "vpc-03016998064d00b78"
          },
          "sensitive_attributes": [],
          "identity_schema_version": 0,
          "private": "bnVsbA==",
          "dependencies": [
            "data.aws_subnets.existing",
            "random_id.env_display_id"
          ]
        }
      ]
    },
    {
      "mode": "managed",
      "type": "aws_security_group",
      "name": "postgres_db_sg",
      "provider": "provider[\"registry.terraform.io/hashicorp/aws\"]",
      "instances": [
        {
          "schema_version": 1,
          "attributes": {
            "arn": "arn:aws:ec2:us-west-2:829250931565:security-group/sg-059ec4791ee4b4fe4",
            "description": "Security group for PostgreSQL database",
            "egress": [],
            "id": "sg-059ec4791ee4b4fe4",
            "ingress": [],
            "name": "txp-db-sg-69025db6",
            "name_prefix": "",
            "owner_id": "829250931565",
            "revoke_rules_on_delete": false,
            "tags": {
              "Name": "txp-db-sg"
            },
            "tags_all": {
              "Environment": "demo",
              "ManagedBy": "terraform",
              "Name": "txp-db-sg",
              "Owner": "jboyer@confluent.io",
              "Project": "cdc-postgres-cc-flink"
            },
            "timeouts": null,
            "vpc_id": "vpc-03016998064d00b78"
          },
          "sensitive_attributes": [],
          "identity_schema_version": 0,
          "private": "eyJlMmJmYjczMC1lY2FhLTExZTYtOGY4OC0zNDM2M2JjN2M0YzAiOnsiY3JlYXRlIjo2MDAwMDAwMDAwMDAsImRlbGV0ZSI6OTAwMDAwMDAwMDAwfSwic2NoZW1hX3ZlcnNpb24iOiIxIn0=",
          "dependencies": [
            "data.aws_vpc.existing",
            "random_id.env_display_id"
          ]
        }
      ]
    },
    {
      "mode": "managed",
      "type": "aws_security_group_rule",
      "name": "allow_inbound_postgres",
      "provider": "provider[\"registry.terraform.io/hashicorp/aws\"]",
      "instances": [
        {
          "schema_version": 2,
          "attributes": {
            "cidr_blocks": [
              "35.80.209.50/32",
              "35.81.13.52/32",
              "35.83.49.171/32",
              "35.161.10.145/32",
              "35.161.229.13/32",
              "35.163.98.130/32",
              "44.224.191.248/32",
              "44.226.85.132/32",
              "44.232.150.154/32",
              "44.235.136.122/32",
              "44.237.176.196/32",
              "44.238.116.230/32",
              "44.241.29.51/32",
              "44.241.78.207/32",
              "52.26.247.161/32",
              "52.26.252.137/32",
              "52.34.192.104/32",
              "54.69.4.7/32",
              "54.70.129.13/32",
              "54.149.169.14/32",
              "54.184.188.46/32",
              "54.203.66.5/32",
              "54.212.67.95/32",
              "73.189.157.48/32"
            ],
            "description": "Allow PostgreSQL inbound traffic from Confluent Cloud connectors and specified IPs",
            "from_port": 5432,
            "id": "sgrule-1088795771",
            "ipv6_cidr_blocks": null,
            "prefix_list_ids": null,
            "protocol": "tcp",
            "security_group_id": "sg-059ec4791ee4b4fe4",
            "security_group_rule_id": "",
            "self": false,
            "source_security_group_id": null,
            "timeouts": null,
            "to_port": 5432,
            "type": "ingress"
          },
          "sensitive_attributes": [],
          "identity_schema_version": 0,
          "private": "eyJlMmJmYjczMC1lY2FhLTExZTYtOGY4OC0zNDM2M2JjN2M0YzAiOnsiY3JlYXRlIjozMDAwMDAwMDAwMDB9LCJzY2hlbWFfdmVyc2lvbiI6IjIifQ==",
          "dependencies": [
            "aws_security_group.postgres_db_sg",
            "data.aws_vpc.existing",
            "random_id.env_display_id"
          ]
        }
      ]
    },
    {
      "mode": "managed",
      "type": "aws_security_group_rule",
      "name": "allow_outbound_all",
      "provider": "provider[\"registry.terraform.io/hashicorp/aws\"]",
      "instances": [
        {
          "schema_version": 2,
          "attributes": {
            "cidr_blocks": [
              "0.0.0.0/0"
            ],
            "description": "Allow all outbound traffic",
            "from_port": 0,
            "id": "sgrule-226322075",
            "ipv6_cidr_blocks": null,
            "prefix_list_ids": null,
            "protocol": "-1",
            "security_group_id": "sg-059ec4791ee4b4fe4",
            "security_group_rule_id": "sgr-0bedb40a651df350f",
            "self": false,
            "source_security_group_id": null,
            "timeouts": null,
            "to_port": 0,
            "type": "egress"
          },
          "sensitive_attributes": [],
          "identity_schema_version": 0,
          "private": "eyJlMmJmYjczMC1lY2FhLTExZTYtOGY4OC0zNDM2M2JjN2M0YzAiOnsiY3JlYXRlIjozMDAwMDAwMDAwMDB9LCJzY2hlbWFfdmVyc2lvbiI6IjIifQ==",
          "dependencies": [
            "aws_security_group.postgres_db_sg",
            "data.aws_vpc.existing",
            "random_id.env_display_id"
          ]
        }
      ]
    },
    {
      "mode": "managed",
      "type": "confluent_api_key",
      "name": "app_manager_sr_key",
      "provider": "provider[\"registry.terraform.io/confluentinc/confluent\"]",
      "instances": [
        {
          "schema_version": 0,
          "attributes": {
            "description": "Schema Registry API Key for app-manager service account",
            "disable_wait_for_ready": false,
            "display_name": "txp-app-manager-sr-key",
            "id": "MOSF747V2AEEX7GC",
            "managed_resource": [
              {
                "api_version": "srcm/v2",
                "environment": [
                  {
                    "id": "env-p6rg5k"
                  }
                ],
                "id": "lsrc-k38d6m",
                "kind": "Cluster"
              }
            ],
            "owner": [
              {
                "api_version": "iam/v2",
                "id": "sa-81od0m0",
                "kind": "ServiceAccount"
              }
            ],
            "secret": "cfltb3a34IdeosG/JojsTnyNM511vzi6ps9LuxUd9GVWWEfd+r9GxeUJgBsg7svQ"
          },
          "sensitive_attributes": [
            [
              {
                "type": "get_attr",
                "value": "secret"
              }
            ]
          ],
          "identity_schema_version": 0,
          "private": "bnVsbA==",
          "dependencies": [
            "confluent_environment.cdc_env",
            "confluent_kafka_cluster.cdc_cluster",
            "confluent_role_binding.app_manager_env_admin",
            "confluent_service_account.app_manager",
            "data.confluent_schema_registry_cluster.cdc_sr",
            "data.confluent_service_account.existing_app_manager",
            "random_id.env_display_id"
          ]
        }
      ]
    },
    {
      "mode": "managed",
      "type": "confluent_connector",
      "name": "postgres_cdc_source",
      "provider": "provider[\"registry.terraform.io/confluentinc/confluent\"]",
      "instances": [
        {
          "schema_version": 0,
          "attributes": {
            "config_nonsensitive": {
              "after.state.only": "false",
              "connector.class": "PostgresCdcSourceV2",
              "database.dbname": "postgresdb",
              "database.hostname": "txp-db-69025db6.cndsjke6xo5r.us-west-2.rds.amazonaws.com",
              "database.port": "5432",
              "database.user": "postgres",
              "kafka.auth.mode": "SERVICE_ACCOUNT",
              "kafka.service.account.id": "sa-mvx69k1",
              "name": "txp-cdc-source",
              "output.data.format": "AVRO",
              "output.key.format": "AVRO",
              "table.include.list": "public.customers,public.transactions",
              "tasks.max": "1",
              "time.precision.mode": "connect",
              "topic.prefix": "txp"
            },
            "config_sensitive": {
              "database.password": "ZutAlors123!"
            },
            "environment": [
              {
                "id": "env-p6rg5k"
              }
            ],
            "id": "lcc-qg2d62",
            "kafka_cluster": [
              {
                "id": "lkc-wr7qym"
              }
            ],
            "offsets": [],
            "status": "RUNNING",
            "timeouts": null
          },
          "sensitive_attributes": [
            [
              {
                "type": "get_attr",
                "value": "config_sensitive"
              }
            ],
            [
              {
                "type": "get_attr",
                "value": "config_sensitive"
              },
              {
                "type": "index",
                "value": {
                  "value": "database.password",
                  "type": "string"
                }
              }
            ]
          ],
          "identity_schema_version": 0,
          "private": "eyJlMmJmYjczMC1lY2FhLTExZTYtOGY4OC0zNDM2M2JjN2M0YzAiOnsiY3JlYXRlIjo4NjQwMDAwMDAwMDAwMH19",
          "dependencies": [
            "aws_db_instance.postgres_db",
            "aws_db_parameter_group.postgres_pg_params",
            "aws_db_subnet_group.postgres_db_subnet_group",
            "aws_security_group.postgres_db_sg",
            "confluent_api_key.app_manager_kafka_key",
            "confluent_api_key.app_manager_sr_key",
            "confluent_environment.cdc_env",
            "confluent_kafka_acl.connectors_create_topic",
            "confluent_kafka_acl.connectors_describe_cluster",
            "confluent_kafka_acl.connectors_read_topic",
            "confluent_kafka_acl.connectors_write_topic",
            "confluent_kafka_cluster.cdc_cluster",
            "confluent_role_binding.app_manager_env_admin",
            "confluent_service_account.app_manager",
            "confluent_service_account.connectors",
            "data.aws_subnets.existing",
            "data.aws_vpc.existing",
            "data.confluent_schema_registry_cluster.cdc_sr",
            "data.confluent_service_account.existing_app_manager",
            "data.confluent_service_account.existing_connectors",
            "null_resource.pre_cleanup_cdc_schemas",
            "random_id.env_display_id"
          ]
        }
      ]
    },
    {
      "mode": "managed",
      "type": "confluent_kafka_acl",
      "name": "connectors_create_topic",
      "provider": "provider[\"registry.terraform.io/confluentinc/confluent\"]",
      "instances": [
        {
          "schema_version": 2,
          "attributes": {
            "credentials": [
              {
                "key": "7EJKQBKLH2QQCJT7",
                "secret": "cfltZAyP05AZXXEuBDdFwupTwPAOZprYPuPE0RA77EXZqWY1LcNwe70AWDvwUnsw"
              }
            ],
            "host": "*",
            "id": "lkc-wr7qym/TOPIC#*#LITERAL#User:sa-mvx69k1#*#CREATE#ALLOW",
            "kafka_cluster": [
              {
                "id": "lkc-wr7qym"
              }
            ],
            "operation": "CREATE",
            "pattern_type": "LITERAL",
            "permission": "ALLOW",
            "principal": "User:sa-mvx69k1",
            "resource_name": "*",
            "resource_type": "TOPIC",
            "rest_endpoint": "https://pkc-n98pk.us-west-2.aws.confluent.cloud:443"
          },
          "sensitive_attributes": [
            [
              {
                "type": "get_attr",
                "value": "credentials"
              },
              {
                "type": "index",
                "value": {
                  "value": 0,
                  "type": "number"
                }
              },
              {
                "type": "get_attr",
                "value": "key"
              }
            ],
            [
              {
                "type": "get_attr",
                "value": "credentials"
              },
              {
                "type": "index",
                "value": {
                  "value": 0,
                  "type": "number"
                }
              },
              {
                "type": "get_attr",
                "value": "secret"
              }
            ]
          ],
          "identity_schema_version": 0,
          "private": "eyJzY2hlbWFfdmVyc2lvbiI6IjIifQ==",
          "dependencies": [
            "confluent_api_key.app_manager_kafka_key",
            "confluent_environment.cdc_env",
            "confluent_kafka_cluster.cdc_cluster",
            "confluent_role_binding.app_manager_env_admin",
            "confluent_service_account.app_manager",
            "confluent_service_account.connectors",
            "data.confluent_service_account.existing_app_manager",
            "data.confluent_service_account.existing_connectors",
            "random_id.env_display_id"
          ]
        }
      ]
    },
    {
      "mode": "managed",
      "type": "confluent_kafka_acl",
      "name": "connectors_describe_cluster",
      "provider": "provider[\"registry.terraform.io/confluentinc/confluent\"]",
      "instances": [
        {
          "schema_version": 2,
          "attributes": {
            "credentials": [
              {
                "key": "7EJKQBKLH2QQCJT7",
                "secret": "cfltZAyP05AZXXEuBDdFwupTwPAOZprYPuPE0RA77EXZqWY1LcNwe70AWDvwUnsw"
              }
            ],
            "host": "*",
            "id": "lkc-wr7qym/CLUSTER#kafka-cluster#LITERAL#User:sa-mvx69k1#*#DESCRIBE#ALLOW",
            "kafka_cluster": [
              {
                "id": "lkc-wr7qym"
              }
            ],
            "operation": "DESCRIBE",
            "pattern_type": "LITERAL",
            "permission": "ALLOW",
            "principal": "User:sa-mvx69k1",
            "resource_name": "kafka-cluster",
            "resource_type": "CLUSTER",
            "rest_endpoint": "https://pkc-n98pk.us-west-2.aws.confluent.cloud:443"
          },
          "sensitive_attributes": [
            [
              {
                "type": "get_attr",
                "value": "credentials"
              },
              {
                "type": "index",
                "value": {
                  "value": 0,
                  "type": "number"
                }
              },
              {
                "type": "get_attr",
                "value": "key"
              }
            ],
            [
              {
                "type": "get_attr",
                "value": "credentials"
              },
              {
                "type": "index",
                "value": {
                  "value": 0,
                  "type": "number"
                }
              },
              {
                "type": "get_attr",
                "value": "secret"
              }
            ]
          ],
          "identity_schema_version": 0,
          "private": "eyJzY2hlbWFfdmVyc2lvbiI6IjIifQ==",
          "dependencies": [
            "confluent_api_key.app_manager_kafka_key",
            "confluent_environment.cdc_env",
            "confluent_kafka_cluster.cdc_cluster",
            "confluent_role_binding.app_manager_env_admin",
            "confluent_service_account.app_manager",
            "confluent_service_account.connectors",
            "data.confluent_service_account.existing_app_manager",
            "data.confluent_service_account.existing_connectors",
            "random_id.env_display_id"
          ]
        }
      ]
    },
    {
      "mode": "managed",
      "type": "confluent_kafka_acl",
      "name": "connectors_read_group",
      "provider": "provider[\"registry.terraform.io/confluentinc/confluent\"]",
      "instances": [
        {
          "schema_version": 2,
          "attributes": {
            "credentials": [
              {
                "key": "7EJKQBKLH2QQCJT7",
                "secret": "cfltZAyP05AZXXEuBDdFwupTwPAOZprYPuPE0RA77EXZqWY1LcNwe70AWDvwUnsw"
              }
            ],
            "host": "*",
            "id": "lkc-wr7qym/GROUP#*#LITERAL#User:sa-mvx69k1#*#READ#ALLOW",
            "kafka_cluster": [
              {
                "id": "lkc-wr7qym"
              }
            ],
            "operation": "READ",
            "pattern_type": "LITERAL",
            "permission": "ALLOW",
            "principal": "User:sa-mvx69k1",
            "resource_name": "*",
            "resource_type": "GROUP",
            "rest_endpoint": "https://pkc-n98pk.us-west-2.aws.confluent.cloud:443"
          },
          "sensitive_attributes": [
            [
              {
                "type": "get_attr",
                "value": "credentials"
              },
              {
                "type": "index",
                "value": {
                  "value": 0,
                  "type": "number"
                }
              },
              {
                "type": "get_attr",
                "value": "key"
              }
            ],
            [
              {
                "type": "get_attr",
                "value": "credentials"
              },
              {
                "type": "index",
                "value": {
                  "value": 0,
                  "type": "number"
                }
              },
              {
                "type": "get_attr",
                "value": "secret"
              }
            ]
          ],
          "identity_schema_version": 0,
          "private": "eyJzY2hlbWFfdmVyc2lvbiI6IjIifQ==",
          "dependencies": [
            "confluent_api_key.app_manager_kafka_key",
            "confluent_environment.cdc_env",
            "confluent_kafka_cluster.cdc_cluster",
            "confluent_role_binding.app_manager_env_admin",
            "confluent_service_account.app_manager",
            "confluent_service_account.connectors",
            "data.confluent_service_account.existing_app_manager",
            "data.confluent_service_account.existing_connectors",
            "random_id.env_display_id"
          ]
        }
      ]
    },
    {
      "mode": "managed",
      "type": "confluent_kafka_acl",
      "name": "connectors_read_topic",
      "provider": "provider[\"registry.terraform.io/confluentinc/confluent\"]",
      "instances": [
        {
          "schema_version": 2,
          "attributes": {
            "credentials": [
              {
                "key": "7EJKQBKLH2QQCJT7",
                "secret": "cfltZAyP05AZXXEuBDdFwupTwPAOZprYPuPE0RA77EXZqWY1LcNwe70AWDvwUnsw"
              }
            ],
            "host": "*",
            "id": "lkc-wr7qym/TOPIC#*#LITERAL#User:sa-mvx69k1#*#READ#ALLOW",
            "kafka_cluster": [
              {
                "id": "lkc-wr7qym"
              }
            ],
            "operation": "READ",
            "pattern_type": "LITERAL",
            "permission": "ALLOW",
            "principal": "User:sa-mvx69k1",
            "resource_name": "*",
            "resource_type": "TOPIC",
            "rest_endpoint": "https://pkc-n98pk.us-west-2.aws.confluent.cloud:443"
          },
          "sensitive_attributes": [
            [
              {
                "type": "get_attr",
                "value": "credentials"
              },
              {
                "type": "index",
                "value": {
                  "value": 0,
                  "type": "number"
                }
              },
              {
                "type": "get_attr",
                "value": "key"
              }
            ],
            [
              {
                "type": "get_attr",
                "value": "credentials"
              },
              {
                "type": "index",
                "value": {
                  "value": 0,
                  "type": "number"
                }
              },
              {
                "type": "get_attr",
                "value": "secret"
              }
            ]
          ],
          "identity_schema_version": 0,
          "private": "eyJzY2hlbWFfdmVyc2lvbiI6IjIifQ==",
          "dependencies": [
            "confluent_api_key.app_manager_kafka_key",
            "confluent_environment.cdc_env",
            "confluent_kafka_cluster.cdc_cluster",
            "confluent_role_binding.app_manager_env_admin",
            "confluent_service_account.app_manager",
            "confluent_service_account.connectors",
            "data.confluent_service_account.existing_app_manager",
            "data.confluent_service_account.existing_connectors",
            "random_id.env_display_id"
          ]
        }
      ]
    },
    {
      "mode": "managed",
      "type": "confluent_kafka_acl",
      "name": "connectors_write_topic",
      "provider": "provider[\"registry.terraform.io/confluentinc/confluent\"]",
      "instances": [
        {
          "schema_version": 2,
          "attributes": {
            "credentials": [
              {
                "key": "7EJKQBKLH2QQCJT7",
                "secret": "cfltZAyP05AZXXEuBDdFwupTwPAOZprYPuPE0RA77EXZqWY1LcNwe70AWDvwUnsw"
              }
            ],
            "host": "*",
            "id": "lkc-wr7qym/TOPIC#*#LITERAL#User:sa-mvx69k1#*#WRITE#ALLOW",
            "kafka_cluster": [
              {
                "id": "lkc-wr7qym"
              }
            ],
            "operation": "WRITE",
            "pattern_type": "LITERAL",
            "permission": "ALLOW",
            "principal": "User:sa-mvx69k1",
            "resource_name": "*",
            "resource_type": "TOPIC",
            "rest_endpoint": "https://pkc-n98pk.us-west-2.aws.confluent.cloud:443"
          },
          "sensitive_attributes": [
            [
              {
                "type": "get_attr",
                "value": "credentials"
              },
              {
                "type": "index",
                "value": {
                  "value": 0,
                  "type": "number"
                }
              },
              {
                "type": "get_attr",
                "value": "key"
              }
            ],
            [
              {
                "type": "get_attr",
                "value": "credentials"
              },
              {
                "type": "index",
                "value": {
                  "value": 0,
                  "type": "number"
                }
              },
              {
                "type": "get_attr",
                "value": "secret"
              }
            ]
          ],
          "identity_schema_version": 0,
          "private": "eyJzY2hlbWFfdmVyc2lvbiI6IjIifQ==",
          "dependencies": [
            "confluent_api_key.app_manager_kafka_key",
            "confluent_environment.cdc_env",
            "confluent_kafka_cluster.cdc_cluster",
            "confluent_role_binding.app_manager_env_admin",
            "confluent_service_account.app_manager",
            "confluent_service_account.connectors",
            "data.confluent_service_account.existing_app_manager",
            "data.confluent_service_account.existing_connectors",
            "random_id.env_display_id"
          ]
        }
      ]
    },
    {
      "mode": "managed",
      "type": "confluent_service_account",
      "name": "connectors",
      "provider": "provider[\"registry.terraform.io/confluentinc/confluent\"]",
      "instances": [
        {
          "index_key": 0,
          "schema_version": 0,
          "attributes": {
            "api_version": "iam/v2",
            "description": "Service account for CDC connectors",
            "display_name": "txp-connectors-69025db6",
            "id": "sa-mvx69k1",
            "kind": "ServiceAccount"
          },
          "sensitive_attributes": [],
          "identity_schema_version": 0,
          "private": "bnVsbA==",
          "dependencies": [
            "random_id.env_display_id"
          ]
        }
      ]
    },
    {
      "mode": "managed",
      "type": "null_resource",
      "name": "cleanup_cdc_schemas",
      "provider": "provider[\"registry.terraform.io/hashicorp/null\"]",
      "instances": [
        {
          "schema_version": 0,
          "attributes": {
            "id": "2232998758135226680",
            "triggers": {
              "customers_schema_key": "txp.public.customers-key",
              "customers_schema_value": "txp.public.customers-value",
              "prefix": "txp",
              "transactions_schema_key": "txp.public.transactions-key",
              "transactions_schema_value": "txp.public.transactions-value"
            }
          },
          "sensitive_attributes": [],
          "identity_schema_version": 0,
          "dependencies": [
            "confluent_api_key.app_manager_sr_key",
            "confluent_environment.cdc_env",
            "confluent_kafka_cluster.cdc_cluster",
            "confluent_role_binding.app_manager_env_admin",
            "confluent_service_account.app_manager",
            "data.confluent_schema_registry_cluster.cdc_sr",
            "data.confluent_service_account.existing_app_manager",
            "random_id.env_display_id"
          ]
        }
      ]
    },
    {
      "mode": "managed",
      "type": "null_resource",
      "name": "create_tables",
      "provider": "provider[\"registry.terraform.io/hashicorp/null\"]",
      "instances": [
        {
          "index_key": 0,
          "schema_version": 0,
          "attributes": {
            "id": "8545546851778853561",
            "triggers": {
              "db_instance_id": "db-OQQVKXXSVLCBTJN66O7L3TTW6I"
            }
          },
          "sensitive_attributes": [],
          "identity_schema_version": 0,
          "dependencies": [
            "aws_db_instance.postgres_db",
            "aws_db_parameter_group.postgres_pg_params",
            "aws_db_subnet_group.postgres_db_subnet_group",
            "aws_security_group.postgres_db_sg",
            "data.aws_subnets.existing",
            "data.aws_vpc.existing",
            "random_id.env_display_id"
          ]
        }
      ]
    },
    {
      "mode": "managed",
      "type": "null_resource",
      "name": "pre_cleanup_cdc_schemas",
      "provider": "provider[\"registry.terraform.io/hashicorp/null\"]",
      "instances": [
        {
          "schema_version": 0,
          "attributes": {
            "id": "8875507620327681209",
            "triggers": {
              "always_run": "2026-01-20T19:53:41Z",
              "prefix": "txp",
              "schema_registry_endpoint": "https://psrc-m5k9x.us-west-2.aws.confluent.cloud",
              "schema_registry_key_id": "MOSF747V2AEEX7GC"
            }
          },
          "sensitive_attributes": [],
          "identity_schema_version": 0,
          "dependencies": [
            "confluent_api_key.app_manager_sr_key",
            "confluent_environment.cdc_env",
            "confluent_kafka_cluster.cdc_cluster",
            "confluent_role_binding.app_manager_env_admin",
            "confluent_service_account.app_manager",
            "data.confluent_schema_registry_cluster.cdc_sr",
            "data.confluent_service_account.existing_app_manager",
            "random_id.env_display_id"
          ]
        }
      ]
    },
    {
      "mode": "managed",
      "type": "random_id",
      "name": "env_display_id",
      "provider": "provider[\"registry.terraform.io/hashicorp/random\"]",
      "instances": [
        {
          "schema_version": 0,
          "attributes": {
            "b64_std": "aQJdtg==",
            "b64_url": "aQJdtg",
            "byte_length": 4,
            "dec": "1761762742",
            "hex": "69025db6",
            "id": "aQJdtg",
            "keepers": null,
            "prefix": null
          },
          "sensitive_attributes": [],
          "identity_schema_version": 0
        }
      ]
    }
  ],
  "check_results": null
}
