{
  "version": 4,
  "terraform_version": "1.14.3",
  "serial": 11,
  "lineage": "d4d8633a-58ac-1d7a-ef7b-9357bbb3e9b1",
  "outputs": {
    "app-manager-schema-registry-api-key": {
      "value": "EGCJY5HYJLYPUGLA",
      "type": "string"
    },
    "app-manager-schema-registry-api-secret": {
      "value": "cflt3QKp+8Md+5oN+eZEBzstTU7g+KsURwB3DDFl5j+fU8czTiwYEHOC06/du4hw",
      "type": "string",
      "sensitive": true
    },
    "cloud_region": {
      "value": "us-west-2",
      "type": "string"
    },
    "confluent_environment_id": {
      "value": "env-p6rg5k",
      "type": "string"
    },
    "confluent_environment_name": {
      "value": "txp-environment-69025db6",
      "type": "string"
    },
    "flink_api_key_id": {
      "value": "B3V7BMCSXWJW4IWB",
      "type": "string"
    },
    "flink_api_key_secret": {
      "value": "cfltgrAboubM6BsQdTOTduDc9E18t7QjU8lhSL01hFzixojLLNMM9VdxY3KQnIdg",
      "type": "string",
      "sensitive": true
    },
    "flink_compute_pool_id": {
      "value": "lfcp-k3n9k6",
      "type": "string"
    },
    "flink_compute_pool_name": {
      "value": "txp-compute-pool-3cc529d4",
      "type": "string"
    },
    "kafka_api_key_id": {
      "value": "KED7YXUVFFI57TTS",
      "type": "string"
    },
    "kafka_api_key_secret": {
      "value": "cfltZCZ3Fzr769v7I1UPzuVx+x9L36GhlzFaarglEhFuaXL+XT61NfOSEuBdCRXw",
      "type": "string",
      "sensitive": true
    },
    "kafka_cluster_id": {
      "value": "lkc-wr7qym",
      "type": "string"
    },
    "kafka_cluster_name": {
      "value": "txp-cluster-69025db6",
      "type": "string"
    },
    "schema_registry_endpoint": {
      "value": "https://psrc-m5k9x.us-west-2.aws.confluent.cloud",
      "type": "string"
    },
    "schema_registry_id": {
      "value": "lsrc-k38d6m",
      "type": "string"
    },
    "service_account_id": {
      "value": "sa-81od0m0",
      "type": "string"
    },
    "service_account_name": {
      "value": "txp-app-manager-69025db6",
      "type": "string"
    },
    "smoke_test_topic_name": {
      "value": "smoke_test_records",
      "type": "string"
    }
  },
  "resources": [
    {
      "mode": "data",
      "type": "confluent_environment",
      "name": "cdc_env_by_id",
      "provider": "provider[\"registry.terraform.io/confluentinc/confluent\"]",
      "instances": [
        {
          "index_key": 0,
          "schema_version": 0,
          "attributes": {
            "display_name": "txp-environment-69025db6",
            "id": "env-p6rg5k",
            "resource_name": "crn://confluent.cloud/organization=49cee212-6346-438a-a1fa-d1b1cbd90d44/environment=env-p6rg5k",
            "stream_governance": [
              {
                "package": "ADVANCED"
              }
            ]
          },
          "sensitive_attributes": [],
          "identity_schema_version": 0
        }
      ]
    },
    {
      "mode": "data",
      "type": "confluent_flink_region",
      "name": "cdc_flink_region",
      "provider": "provider[\"registry.terraform.io/confluentinc/confluent\"]",
      "instances": [
        {
          "schema_version": 0,
          "attributes": {
            "api_version": "fcpm/v2",
            "cloud": "AWS",
            "id": "aws.us-west-2",
            "kind": "Region",
            "private_rest_endpoint": "https://flink.us-west-2.aws.private.confluent.cloud",
            "region": "us-west-2",
            "rest_endpoint": "https://flink.us-west-2.aws.confluent.cloud"
          },
          "sensitive_attributes": [],
          "identity_schema_version": 0
        }
      ]
    },
    {
      "mode": "data",
      "type": "confluent_kafka_cluster",
      "name": "cdc_cluster",
      "provider": "provider[\"registry.terraform.io/confluentinc/confluent\"]",
      "instances": [
        {
          "index_key": 0,
          "schema_version": 0,
          "attributes": {
            "api_version": "cmk/v2",
            "availability": "SINGLE_ZONE",
            "basic": [],
            "bootstrap_endpoint": "SASL_SSL://pkc-n98pk.us-west-2.aws.confluent.cloud:9092",
            "byok_key": [
              {
                "id": ""
              }
            ],
            "cloud": "AWS",
            "dedicated": [],
            "display_name": "txp-cluster-69025db6",
            "endpoints": [],
            "enterprise": [],
            "environment": [
              {
                "id": "env-p6rg5k"
              }
            ],
            "freight": [],
            "id": "lkc-wr7qym",
            "kind": "Cluster",
            "network": [
              {
                "id": ""
              }
            ],
            "rbac_crn": "crn://confluent.cloud/organization=49cee212-6346-438a-a1fa-d1b1cbd90d44/environment=env-p6rg5k/cloud-cluster=lkc-wr7qym",
            "region": "us-west-2",
            "rest_endpoint": "https://pkc-n98pk.us-west-2.aws.confluent.cloud:443",
            "standard": [
              {
                "max_ecku": 10
              }
            ]
          },
          "sensitive_attributes": [],
          "identity_schema_version": 0
        }
      ]
    },
    {
      "mode": "data",
      "type": "confluent_schema_registry_cluster",
      "name": "cdc_sr_by_id",
      "provider": "provider[\"registry.terraform.io/confluentinc/confluent\"]",
      "instances": [
        {
          "index_key": 0,
          "schema_version": 0,
          "attributes": {
            "api_version": "srcm/v3",
            "catalog_endpoint": "https://psrc-m5k9x.us-west-2.aws.confluent.cloud",
            "cloud": "AWS",
            "display_name": "Always On Stream Governance Package",
            "environment": [
              {
                "id": "env-p6rg5k"
              }
            ],
            "id": "lsrc-k38d6m",
            "kind": "Cluster",
            "package": "ADVANCED",
            "private_regional_rest_endpoints": {
              "us-west-2": "https://lsrc-k38d6m.us-west-2.aws.private.confluent.cloud"
            },
            "private_rest_endpoint": "https://lsrc-k38d6m.us-west-2.aws.private.confluent.cloud",
            "region": "us-west-2",
            "resource_name": "crn://confluent.cloud/organization=49cee212-6346-438a-a1fa-d1b1cbd90d44/environment=env-p6rg5k/schema-registry=lsrc-k38d6m",
            "rest_endpoint": "https://psrc-m5k9x.us-west-2.aws.confluent.cloud"
          },
          "sensitive_attributes": [],
          "identity_schema_version": 0
        }
      ]
    },
    {
      "mode": "data",
      "type": "confluent_service_account",
      "name": "cdc_sa",
      "provider": "provider[\"registry.terraform.io/confluentinc/confluent\"]",
      "instances": [
        {
          "index_key": 0,
          "schema_version": 0,
          "attributes": {
            "api_version": "iam/v2",
            "description": "Service account for managing CDC resources",
            "display_name": "txp-app-manager-69025db6",
            "id": "sa-81od0m0",
            "kind": "ServiceAccount"
          },
          "sensitive_attributes": [],
          "identity_schema_version": 0
        }
      ]
    },
    {
      "mode": "managed",
      "type": "confluent_api_key",
      "name": "app-manager-schema-registry-api-key",
      "provider": "provider[\"registry.terraform.io/confluentinc/confluent\"]",
      "instances": [
        {
          "schema_version": 0,
          "attributes": {
            "description": "Schema Registry API Key that is owned service account",
            "disable_wait_for_ready": false,
            "display_name": "txp-schema-registry-api-key",
            "id": "EGCJY5HYJLYPUGLA",
            "managed_resource": [
              {
                "api_version": "srcm/v2",
                "environment": [
                  {
                    "id": "env-p6rg5k"
                  }
                ],
                "id": "lsrc-k38d6m",
                "kind": "Cluster"
              }
            ],
            "owner": [
              {
                "api_version": "iam/v2",
                "id": "sa-81od0m0",
                "kind": "ServiceAccount"
              }
            ],
            "secret": "cflt3QKp+8Md+5oN+eZEBzstTU7g+KsURwB3DDFl5j+fU8czTiwYEHOC06/du4hw"
          },
          "sensitive_attributes": [
            [
              {
                "type": "get_attr",
                "value": "secret"
              }
            ]
          ],
          "identity_schema_version": 0,
          "private": "bnVsbA==",
          "dependencies": [
            "confluent_environment.cdc_env",
            "confluent_environment.cdc_env_with_name",
            "confluent_kafka_cluster.cdc_cluster",
            "confluent_role_binding.cdc_sa_env_admin",
            "confluent_service_account.cdc_sa",
            "data.confluent_environment.cdc_env_by_id",
            "data.confluent_environment.cdc_env_by_name",
            "data.confluent_kafka_cluster.cdc_cluster",
            "data.confluent_schema_registry_cluster.cdc_sr_auto",
            "data.confluent_schema_registry_cluster.cdc_sr_by_id",
            "data.confluent_service_account.cdc_sa",
            "random_id.env_display_id"
          ]
        }
      ]
    },
    {
      "mode": "managed",
      "type": "confluent_api_key",
      "name": "cdc_sa_flink_key",
      "provider": "provider[\"registry.terraform.io/confluentinc/confluent\"]",
      "instances": [
        {
          "schema_version": 0,
          "attributes": {
            "description": "Flink API Key for service account to manage Flink statements",
            "disable_wait_for_ready": false,
            "display_name": "txp-flink-api-key-3cc529d4",
            "id": "B3V7BMCSXWJW4IWB",
            "managed_resource": [
              {
                "api_version": "fcpm/v2",
                "environment": [
                  {
                    "id": "env-p6rg5k"
                  }
                ],
                "id": "aws.us-west-2",
                "kind": "Region"
              }
            ],
            "owner": [
              {
                "api_version": "iam/v2",
                "id": "sa-81od0m0",
                "kind": "ServiceAccount"
              }
            ],
            "secret": "cfltgrAboubM6BsQdTOTduDc9E18t7QjU8lhSL01hFzixojLLNMM9VdxY3KQnIdg"
          },
          "sensitive_attributes": [
            [
              {
                "type": "get_attr",
                "value": "secret"
              }
            ]
          ],
          "identity_schema_version": 0,
          "private": "bnVsbA==",
          "dependencies": [
            "confluent_environment.cdc_env",
            "confluent_environment.cdc_env_with_name",
            "confluent_role_binding.cdc_sa_env_admin",
            "confluent_service_account.cdc_sa",
            "data.confluent_environment.cdc_env_by_id",
            "data.confluent_environment.cdc_env_by_name",
            "data.confluent_flink_region.cdc_flink_region",
            "data.confluent_service_account.cdc_sa",
            "random_id.env_display_id"
          ]
        }
      ]
    },
    {
      "mode": "managed",
      "type": "confluent_api_key",
      "name": "cdc_sa_kafka_key",
      "provider": "provider[\"registry.terraform.io/confluentinc/confluent\"]",
      "instances": [
        {
          "schema_version": 0,
          "attributes": {
            "description": "Kafka API Key for service account to manage topics",
            "disable_wait_for_ready": false,
            "display_name": "txp-kafka-api-key-3cc529d4",
            "id": "KED7YXUVFFI57TTS",
            "managed_resource": [
              {
                "api_version": "cmk/v2",
                "environment": [
                  {
                    "id": "env-p6rg5k"
                  }
                ],
                "id": "lkc-wr7qym",
                "kind": "Cluster"
              }
            ],
            "owner": [
              {
                "api_version": "iam/v2",
                "id": "sa-81od0m0",
                "kind": "ServiceAccount"
              }
            ],
            "secret": "cfltZCZ3Fzr769v7I1UPzuVx+x9L36GhlzFaarglEhFuaXL+XT61NfOSEuBdCRXw"
          },
          "sensitive_attributes": [
            [
              {
                "type": "get_attr",
                "value": "secret"
              }
            ]
          ],
          "identity_schema_version": 0,
          "private": "bnVsbA==",
          "dependencies": [
            "confluent_environment.cdc_env",
            "confluent_environment.cdc_env_with_name",
            "confluent_kafka_cluster.cdc_cluster",
            "confluent_role_binding.cdc_sa_env_admin",
            "confluent_service_account.cdc_sa",
            "data.confluent_environment.cdc_env_by_id",
            "data.confluent_environment.cdc_env_by_name",
            "data.confluent_kafka_cluster.cdc_cluster",
            "data.confluent_service_account.cdc_sa",
            "random_id.env_display_id"
          ]
        }
      ]
    },
    {
      "mode": "managed",
      "type": "confluent_flink_compute_pool",
      "name": "cdc_compute_pool",
      "provider": "provider[\"registry.terraform.io/confluentinc/confluent\"]",
      "instances": [
        {
          "index_key": 0,
          "schema_version": 0,
          "attributes": {
            "api_version": "fcpm/v2",
            "cloud": "AWS",
            "display_name": "txp-compute-pool-3cc529d4",
            "environment": [
              {
                "id": "env-p6rg5k"
              }
            ],
            "id": "lfcp-k3n9k6",
            "kind": "ComputePool",
            "max_cfu": 5,
            "region": "us-west-2",
            "resource_name": "crn://confluent.cloud/organization=49cee212-6346-438a-a1fa-d1b1cbd90d44/environment=env-p6rg5k/flink-region=aws.us-west-2/compute-pool=lfcp-k3n9k6",
            "timeouts": null
          },
          "sensitive_attributes": [],
          "identity_schema_version": 0,
          "private": "eyJlMmJmYjczMC1lY2FhLTExZTYtOGY4OC0zNDM2M2JjN2M0YzAiOnsiY3JlYXRlIjozNjAwMDAwMDAwMDAwLCJkZWxldGUiOjM2MDAwMDAwMDAwMDB9fQ==",
          "dependencies": [
            "confluent_environment.cdc_env",
            "confluent_environment.cdc_env_with_name",
            "data.confluent_environment.cdc_env_by_name",
            "random_id.env_display_id"
          ]
        }
      ]
    },
    {
      "mode": "managed",
      "type": "confluent_kafka_topic",
      "name": "smoke_test_records",
      "provider": "provider[\"registry.terraform.io/confluentinc/confluent\"]",
      "instances": [
        {
          "schema_version": 2,
          "attributes": {
            "config": {},
            "credentials": [
              {
                "key": "KED7YXUVFFI57TTS",
                "secret": "cfltZCZ3Fzr769v7I1UPzuVx+x9L36GhlzFaarglEhFuaXL+XT61NfOSEuBdCRXw"
              }
            ],
            "id": "lkc-wr7qym/smoke_test_records",
            "kafka_cluster": [
              {
                "id": "lkc-wr7qym"
              }
            ],
            "partitions_count": 1,
            "rest_endpoint": "https://pkc-n98pk.us-west-2.aws.confluent.cloud:443",
            "topic_name": "smoke_test_records"
          },
          "sensitive_attributes": [
            [
              {
                "type": "get_attr",
                "value": "credentials"
              },
              {
                "type": "index",
                "value": {
                  "value": 0,
                  "type": "number"
                }
              },
              {
                "type": "get_attr",
                "value": "key"
              }
            ],
            [
              {
                "type": "get_attr",
                "value": "credentials"
              },
              {
                "type": "index",
                "value": {
                  "value": 0,
                  "type": "number"
                }
              },
              {
                "type": "get_attr",
                "value": "secret"
              }
            ]
          ],
          "identity_schema_version": 0,
          "private": "eyJzY2hlbWFfdmVyc2lvbiI6IjIifQ==",
          "dependencies": [
            "confluent_api_key.cdc_sa_kafka_key",
            "confluent_environment.cdc_env",
            "confluent_environment.cdc_env_with_name",
            "confluent_kafka_cluster.cdc_cluster",
            "confluent_role_binding.cdc_sa_env_admin",
            "confluent_service_account.cdc_sa",
            "data.confluent_environment.cdc_env_by_id",
            "data.confluent_environment.cdc_env_by_name",
            "data.confluent_kafka_cluster.cdc_cluster",
            "data.confluent_service_account.cdc_sa",
            "random_id.env_display_id"
          ]
        }
      ]
    },
    {
      "mode": "managed",
      "type": "confluent_role_binding",
      "name": "cdc_sa_env_admin",
      "provider": "provider[\"registry.terraform.io/confluentinc/confluent\"]",
      "instances": [
        {
          "schema_version": 0,
          "attributes": {
            "crn_pattern": "crn://confluent.cloud/organization=49cee212-6346-438a-a1fa-d1b1cbd90d44/environment=env-p6rg5k",
            "disable_wait_for_ready": false,
            "id": "rb-O7drM7",
            "principal": "User:sa-81od0m0",
            "role_name": "EnvironmentAdmin"
          },
          "sensitive_attributes": [],
          "identity_schema_version": 0,
          "private": "bnVsbA==",
          "dependencies": [
            "confluent_environment.cdc_env",
            "confluent_environment.cdc_env_with_name",
            "confluent_service_account.cdc_sa",
            "data.confluent_environment.cdc_env_by_id",
            "data.confluent_environment.cdc_env_by_name",
            "random_id.env_display_id"
          ]
        }
      ]
    },
    {
      "mode": "managed",
      "type": "random_id",
      "name": "env_display_id",
      "provider": "provider[\"registry.terraform.io/hashicorp/random\"]",
      "instances": [
        {
          "schema_version": 0,
          "attributes": {
            "b64_std": "PMUp1A==",
            "b64_url": "PMUp1A",
            "byte_length": 4,
            "dec": "1019554260",
            "hex": "3cc529d4",
            "id": "PMUp1A",
            "keepers": null,
            "prefix": null
          },
          "sensitive_attributes": [],
          "identity_schema_version": 0
        }
      ]
    }
  ],
  "check_results": null
}
