{
  "version": 4,
  "terraform_version": "1.14.3",
  "serial": 40,
  "lineage": "1732e060-8e29-94b1-6541-ef0637e9560f",
  "outputs": {
    "athena_query_results_location": {
      "value": "s3://j9r-demo-buckets/athena-results/",
      "type": "string"
    },
    "athena_workgroup_arn": {
      "value": "arn:aws:athena:us-east-2:829250931565:workgroup/txp-athena-workgroup-4d9a07bc",
      "type": "string"
    },
    "athena_workgroup_name": {
      "value": "txp-athena-workgroup-4d9a07bc",
      "type": "string"
    },
    "ddl_statement_id": {
      "value": "env-p6rg5k/lfcp-k3n9k6/tx-enriched-ddl",
      "type": "string"
    },
    "ddl_statement_name": {
      "value": "tx-enriched-ddl",
      "type": "string"
    },
    "dml_statement_id": {
      "value": "env-p6rg5k/lfcp-k3n9k6/tx-enriched-dml",
      "type": "string"
    },
    "dml_statement_name": {
      "value": "tx-enriched-dml",
      "type": "string"
    },
    "glue_database_arn": {
      "value": "arn:aws:glue:us-east-2:829250931565:database/txp-iceberg-4d9a07bc",
      "type": "string"
    },
    "glue_database_name": {
      "value": "txp-iceberg-4d9a07bc",
      "type": "string"
    },
    "s3_bucket_name": {
      "value": "j9r-demo-buckets",
      "type": "string"
    },
    "tableflow_enabled": {
      "value": true,
      "type": "bool"
    },
    "tableflow_provider_integration_id": {
      "value": "cspi-r6y11",
      "type": "string"
    },
    "tableflow_topic_id": {
      "value": "tx_enriched",
      "type": "string"
    },
    "tableflow_topic_name": {
      "value": "tx_enriched",
      "type": "string"
    }
  },
  "resources": [
    {
      "mode": "data",
      "type": "aws_caller_identity",
      "name": "current",
      "provider": "provider[\"registry.terraform.io/hashicorp/aws\"]",
      "instances": [
        {
          "schema_version": 0,
          "attributes": {
            "account_id": "829250931565",
            "arn": "arn:aws:sts::829250931565:assumed-role/AWSReservedSSO_nonprod-administrator_ff555b249eb304bc/jboyer@confluent.io",
            "id": "829250931565",
            "user_id": "AROA4CEZVBNWZ2OV5EQ5W:jboyer@confluent.io"
          },
          "sensitive_attributes": [],
          "identity_schema_version": 0
        }
      ]
    },
    {
      "mode": "data",
      "type": "confluent_environment",
      "name": "env",
      "provider": "provider[\"registry.terraform.io/confluentinc/confluent\"]",
      "instances": [
        {
          "schema_version": 0,
          "attributes": {
            "display_name": "txp-environment-69025db6",
            "id": "env-p6rg5k",
            "resource_name": "crn://confluent.cloud/organization=49cee212-6346-438a-a1fa-d1b1cbd90d44/environment=env-p6rg5k",
            "stream_governance": [
              {
                "package": "ADVANCED"
              }
            ]
          },
          "sensitive_attributes": [],
          "identity_schema_version": 0
        }
      ]
    },
    {
      "mode": "data",
      "type": "confluent_flink_compute_pool",
      "name": "existing_pool",
      "provider": "provider[\"registry.terraform.io/confluentinc/confluent\"]",
      "instances": [
        {
          "index_key": 0,
          "schema_version": 0,
          "attributes": {
            "api_version": "fcpm/v2",
            "cloud": "AWS",
            "display_name": "txp-compute-pool-3cc529d4",
            "environment": [
              {
                "id": "env-p6rg5k"
              }
            ],
            "id": "lfcp-k3n9k6",
            "kind": "ComputePool",
            "max_cfu": 5,
            "region": "us-west-2",
            "resource_name": "crn://confluent.cloud/organization=49cee212-6346-438a-a1fa-d1b1cbd90d44/environment=env-p6rg5k/flink-region=aws.us-west-2/compute-pool=lfcp-k3n9k6"
          },
          "sensitive_attributes": [],
          "identity_schema_version": 0
        }
      ]
    },
    {
      "mode": "data",
      "type": "confluent_flink_region",
      "name": "flink_region",
      "provider": "provider[\"registry.terraform.io/confluentinc/confluent\"]",
      "instances": [
        {
          "schema_version": 0,
          "attributes": {
            "api_version": "fcpm/v2",
            "cloud": "AWS",
            "id": "aws.us-west-2",
            "kind": "Region",
            "private_rest_endpoint": "https://flink.us-west-2.aws.private.confluent.cloud",
            "region": "us-west-2",
            "rest_endpoint": "https://flink.us-west-2.aws.confluent.cloud"
          },
          "sensitive_attributes": [],
          "identity_schema_version": 0
        }
      ]
    },
    {
      "mode": "data",
      "type": "confluent_kafka_cluster",
      "name": "cluster",
      "provider": "provider[\"registry.terraform.io/confluentinc/confluent\"]",
      "instances": [
        {
          "schema_version": 0,
          "attributes": {
            "api_version": "cmk/v2",
            "availability": "SINGLE_ZONE",
            "basic": [],
            "bootstrap_endpoint": "SASL_SSL://pkc-n98pk.us-west-2.aws.confluent.cloud:9092",
            "byok_key": [
              {
                "id": ""
              }
            ],
            "cloud": "AWS",
            "dedicated": [],
            "display_name": "txp-cluster-69025db6",
            "endpoints": [],
            "enterprise": [],
            "environment": [
              {
                "id": "env-p6rg5k"
              }
            ],
            "freight": [],
            "id": "lkc-wr7qym",
            "kind": "Cluster",
            "network": [
              {
                "id": ""
              }
            ],
            "rbac_crn": "crn://confluent.cloud/organization=49cee212-6346-438a-a1fa-d1b1cbd90d44/environment=env-p6rg5k/cloud-cluster=lkc-wr7qym",
            "region": "us-west-2",
            "rest_endpoint": "https://pkc-n98pk.us-west-2.aws.confluent.cloud:443",
            "standard": [
              {
                "max_ecku": 10
              }
            ]
          },
          "sensitive_attributes": [],
          "identity_schema_version": 0
        }
      ]
    },
    {
      "mode": "data",
      "type": "confluent_organization",
      "name": "org",
      "provider": "provider[\"registry.terraform.io/confluentinc/confluent\"]",
      "instances": [
        {
          "schema_version": 0,
          "attributes": {
            "id": "49cee212-6346-438a-a1fa-d1b1cbd90d44",
            "resource_name": "crn://confluent.cloud/organization=49cee212-6346-438a-a1fa-d1b1cbd90d44"
          },
          "sensitive_attributes": [],
          "identity_schema_version": 0
        }
      ]
    },
    {
      "mode": "data",
      "type": "terraform_remote_state",
      "name": "cflt_state",
      "provider": "provider[\"terraform.io/builtin/terraform\"]",
      "instances": [
        {
          "index_key": 0,
          "schema_version": 0,
          "attributes": {
            "backend": "local",
            "config": {
              "value": {
                "path": "/Users/jerome/Documents/Code/flink-hands-on/1-confluent-cloud-infrastructure/terraform.tfstate"
              },
              "type": [
                "object",
                {
                  "path": "string"
                }
              ]
            },
            "defaults": null,
            "outputs": {
              "value": {
                "app-manager-schema-registry-api-key": "EGCJY5HYJLYPUGLA",
                "app-manager-schema-registry-api-secret": "cflt3QKp+8Md+5oN+eZEBzstTU7g+KsURwB3DDFl5j+fU8czTiwYEHOC06/du4hw",
                "cloud_region": "us-west-2",
                "confluent_environment_id": "env-p6rg5k",
                "confluent_environment_name": "txp-environment-69025db6",
                "flink_api_key_id": "B3V7BMCSXWJW4IWB",
                "flink_api_key_secret": "cfltgrAboubM6BsQdTOTduDc9E18t7QjU8lhSL01hFzixojLLNMM9VdxY3KQnIdg",
                "flink_compute_pool_id": "lfcp-k3n9k6",
                "flink_compute_pool_name": "txp-compute-pool-3cc529d4",
                "kafka_api_key_id": "KED7YXUVFFI57TTS",
                "kafka_api_key_secret": "cfltZCZ3Fzr769v7I1UPzuVx+x9L36GhlzFaarglEhFuaXL+XT61NfOSEuBdCRXw",
                "kafka_cluster_id": "lkc-wr7qym",
                "kafka_cluster_name": "txp-cluster-69025db6",
                "schema_registry_endpoint": "https://psrc-m5k9x.us-west-2.aws.confluent.cloud",
                "schema_registry_id": "lsrc-k38d6m",
                "service_account_id": "sa-81od0m0",
                "service_account_name": "txp-app-manager-69025db6",
                "smoke_test_topic_name": "smoke_test_records",
                "tableflow_api_key": "62AARYDW4CGSKBVF",
                "tableflow_api_secret": "cfltVKwVN4irOE3NQ1Acy1Mzquu55PZVKQiXtNhTjjnYiJVBZcU1oGkJBTzASBdQ"
              },
              "type": [
                "object",
                {
                  "app-manager-schema-registry-api-key": "string",
                  "app-manager-schema-registry-api-secret": "string",
                  "cloud_region": "string",
                  "confluent_environment_id": "string",
                  "confluent_environment_name": "string",
                  "flink_api_key_id": "string",
                  "flink_api_key_secret": "string",
                  "flink_compute_pool_id": "string",
                  "flink_compute_pool_name": "string",
                  "kafka_api_key_id": "string",
                  "kafka_api_key_secret": "string",
                  "kafka_cluster_id": "string",
                  "kafka_cluster_name": "string",
                  "schema_registry_endpoint": "string",
                  "schema_registry_id": "string",
                  "service_account_id": "string",
                  "service_account_name": "string",
                  "smoke_test_topic_name": "string",
                  "tableflow_api_key": "string",
                  "tableflow_api_secret": "string"
                }
              ]
            },
            "workspace": null
          },
          "sensitive_attributes": [],
          "identity_schema_version": 0
        }
      ]
    },
    {
      "mode": "data",
      "type": "terraform_remote_state",
      "name": "iac",
      "provider": "provider[\"terraform.io/builtin/terraform\"]",
      "instances": [
        {
          "index_key": 0,
          "schema_version": 0,
          "attributes": {
            "backend": "local",
            "config": {
              "value": {
                "path": "/Users/jerome/Documents/Code/flink-hands-on/2-cdc-postgres-to-cc-flink/IaC/terraform.tfstate"
              },
              "type": [
                "object",
                {
                  "path": "string"
                }
              ]
            },
            "defaults": null,
            "outputs": {
              "value": {
                "cloud_region": "us-west-2",
                "confluent_environment_id": "env-p6rg5k",
                "confluent_environment_name": "txp-environment-69025db6",
                "confluent_kafka_cluster_bootstrap_endpoint": "SASL_SSL://pkc-n98pk.us-west-2.aws.confluent.cloud:9092",
                "confluent_kafka_cluster_id": "lkc-wr7qym",
                "confluent_kafka_cluster_name": "txp-cluster-69025db6",
                "confluent_schema_registry_endpoint": "https://psrc-m5k9x.us-west-2.aws.confluent.cloud",
                "confluent_schema_registry_id": "lsrc-k38d6m",
                "connector_id": "lcc-qg2d62",
                "connector_name": "txp-cdc-source",
                "kafka_topics": {
                  "customers": "txp.public.customers",
                  "transactions": "txp.public.transactions"
                },
                "rds_address": "txp-db-69025db6.cndsjke6xo5r.us-west-2.rds.amazonaws.com",
                "rds_allowed_cidr_blocks": [
                  "35.80.209.50/32",
                  "35.81.13.52/32",
                  "35.83.49.171/32",
                  "35.161.10.145/32",
                  "35.161.229.13/32",
                  "35.163.98.130/32",
                  "44.224.191.248/32",
                  "44.226.85.132/32",
                  "44.232.150.154/32",
                  "44.235.136.122/32",
                  "44.237.176.196/32",
                  "44.238.116.230/32",
                  "44.241.29.51/32",
                  "44.241.78.207/32",
                  "52.26.247.161/32",
                  "52.26.252.137/32",
                  "52.34.192.104/32",
                  "54.69.4.7/32",
                  "54.70.129.13/32",
                  "54.149.169.14/32",
                  "54.184.188.46/32",
                  "54.203.66.5/32",
                  "54.212.67.95/32",
                  "73.189.157.48/32"
                ],
                "rds_database_name": "postgresdb",
                "rds_endpoint": "txp-db-69025db6.cndsjke6xo5r.us-west-2.rds.amazonaws.com:5432",
                "rds_port": 5432,
                "rds_security_group_id": "sg-059ec4791ee4b4fe4",
                "schema_registry_api_key": "MOSF747V2AEEX7GC",
                "schema_registry_api_secret": "cfltb3a34IdeosG/JojsTnyNM511vzi6ps9LuxUd9GVWWEfd+r9GxeUJgBsg7svQ",
                "schema_subjects": {
                  "customers_key": "txp.public.customers-key",
                  "customers_value": "txp.public.customers-value",
                  "transactions_key": "txp.public.transactions-key",
                  "transactions_value": "txp.public.transactions-value"
                }
              },
              "type": [
                "object",
                {
                  "cloud_region": "string",
                  "confluent_environment_id": "string",
                  "confluent_environment_name": "string",
                  "confluent_kafka_cluster_bootstrap_endpoint": "string",
                  "confluent_kafka_cluster_id": "string",
                  "confluent_kafka_cluster_name": "string",
                  "confluent_schema_registry_endpoint": "string",
                  "confluent_schema_registry_id": "string",
                  "connector_id": "string",
                  "connector_name": "string",
                  "kafka_topics": [
                    "object",
                    {
                      "customers": "string",
                      "transactions": "string"
                    }
                  ],
                  "rds_address": "string",
                  "rds_allowed_cidr_blocks": [
                    "list",
                    "string"
                  ],
                  "rds_database_name": "string",
                  "rds_endpoint": "string",
                  "rds_port": "number",
                  "rds_security_group_id": "string",
                  "schema_registry_api_key": "string",
                  "schema_registry_api_secret": "string",
                  "schema_subjects": [
                    "object",
                    {
                      "customers_key": "string",
                      "customers_value": "string",
                      "transactions_key": "string",
                      "transactions_value": "string"
                    }
                  ]
                }
              ]
            },
            "workspace": null
          },
          "sensitive_attributes": [],
          "identity_schema_version": 0
        }
      ]
    },
    {
      "mode": "managed",
      "type": "aws_athena_workgroup",
      "name": "tx_workgroup",
      "provider": "provider[\"registry.terraform.io/hashicorp/aws\"]",
      "instances": [
        {
          "schema_version": 0,
          "attributes": {
            "arn": "arn:aws:athena:us-east-2:829250931565:workgroup/txp-athena-workgroup-4d9a07bc",
            "configuration": [
              {
                "bytes_scanned_cutoff_per_query": 0,
                "enforce_workgroup_configuration": true,
                "engine_version": [
                  {
                    "effective_engine_version": "Athena engine version 3",
                    "selected_engine_version": "Athena engine version 3"
                  }
                ],
                "execution_role": "",
                "publish_cloudwatch_metrics_enabled": true,
                "requester_pays_enabled": false,
                "result_configuration": [
                  {
                    "acl_configuration": [],
                    "encryption_configuration": [
                      {
                        "encryption_option": "SSE_S3",
                        "kms_key_arn": ""
                      }
                    ],
                    "expected_bucket_owner": "",
                    "output_location": "s3://j9r-demo-buckets/athena-results/"
                  }
                ]
              }
            ],
            "description": "Athena workgroup for querying Card Transaction Iceberg tables",
            "force_destroy": false,
            "id": "txp-athena-workgroup-4d9a07bc",
            "name": "txp-athena-workgroup-4d9a07bc",
            "state": "ENABLED",
            "tags": {
              "Environment": "txp",
              "Name": "txp-athena-workgroup"
            },
            "tags_all": {
              "Environment": "txp",
              "Name": "txp-athena-workgroup"
            }
          },
          "sensitive_attributes": [],
          "identity_schema_version": 0,
          "private": "bnVsbA==",
          "dependencies": [
            "data.terraform_remote_state.iac",
            "random_id.env_display_id"
          ]
        }
      ]
    },
    {
      "mode": "managed",
      "type": "aws_glue_catalog_database",
      "name": "tx_iceberg_db",
      "provider": "provider[\"registry.terraform.io/hashicorp/aws\"]",
      "instances": [
        {
          "schema_version": 0,
          "attributes": {
            "arn": "arn:aws:glue:us-east-2:829250931565:database/txp-iceberg-4d9a07bc",
            "catalog_id": "829250931565",
            "create_table_default_permission": [
              {
                "permissions": [
                  "ALL"
                ],
                "principal": [
                  {
                    "data_lake_principal_identifier": "IAM_ALLOWED_PRINCIPALS"
                  }
                ]
              }
            ],
            "description": "Glue database for Card Transaction Iceberg tables from Tableflow",
            "federated_database": [],
            "id": "829250931565:txp-iceberg-4d9a07bc",
            "location_uri": "s3://j9r-demo-buckets/",
            "name": "txp-iceberg-4d9a07bc",
            "parameters": {},
            "tags": {
              "Environment": "txp",
              "Name": "txp-iceberg-database"
            },
            "tags_all": {
              "Environment": "txp",
              "Name": "txp-iceberg-database"
            },
            "target_database": []
          },
          "sensitive_attributes": [],
          "identity_schema_version": 0,
          "private": "bnVsbA==",
          "dependencies": [
            "data.aws_caller_identity.current",
            "data.terraform_remote_state.iac",
            "random_id.env_display_id"
          ]
        }
      ]
    },
    {
      "mode": "managed",
      "type": "confluent_flink_statement",
      "name": "ddl",
      "provider": "provider[\"registry.terraform.io/confluentinc/confluent\"]",
      "instances": [
        {
          "schema_version": 0,
          "attributes": {
            "compute_pool": [
              {
                "id": "lfcp-k3n9k6"
              }
            ],
            "credentials": [
              {
                "key": "B3V7BMCSXWJW4IWB",
                "secret": "cfltgrAboubM6BsQdTOTduDc9E18t7QjU8lhSL01hFzixojLLNMM9VdxY3KQnIdg"
              }
            ],
            "environment": [
              {
                "id": "env-p6rg5k"
              }
            ],
            "id": "env-p6rg5k/lfcp-k3n9k6/tx-enriched-ddl",
            "latest_offsets": {},
            "latest_offsets_timestamp": "0001-01-01T00:00:00Z",
            "organization": [
              {
                "id": "49cee212-6346-438a-a1fa-d1b1cbd90d44"
              }
            ],
            "principal": [
              {
                "id": "sa-81od0m0"
              }
            ],
            "properties": {
              "sql.current-catalog": "txp-environment-69025db6",
              "sql.current-database": "txp-cluster-69025db6"
            },
            "properties_sensitive": {},
            "rest_endpoint": "https://flink.us-west-2.aws.confluent.cloud",
            "statement": "CREATE TABLE IF NOT EXISTS tx_enriched (\n    txn_id STRING,\n    `timestamp` TIMESTAMP_LTZ(3),\n    amount DECIMAL(10, 2),\n    currency STRING,\n    merchant STRING,\n    location STRING,\n    status STRING,\n    transaction_type STRING,\n    -- Customer fields\n    account_number STRING,\n    customer_name STRING,\n    customer_email STRING,\n    customer_city STRING,\n    PRIMARY KEY (txn_id) NOT ENFORCED\n) DISTRIBUTED BY HASH(txn_id) INTO 1 BUCKETS\nWITH (\n  'changelog.mode' = 'upsert',\n  'key.avro-registry.schema-context' = '.flink-dev',\n  'value.avro-registry.schema-context' = '.flink-dev',\n  'key.format' = 'avro-registry',\n  'value.format' = 'avro-registry',\n  'kafka.retention.time' = '0',\n  'kafka.producer.compression.type' = 'snappy',\n  'scan.bounded.mode' = 'unbounded',\n  'scan.startup.mode' = 'earliest-offset',\n  'value.fields-include' = 'all'\n);",
            "statement_name": "tx-enriched-ddl",
            "stopped": false,
            "timeouts": null
          },
          "sensitive_attributes": [
            [
              {
                "type": "get_attr",
                "value": "credentials"
              },
              {
                "type": "index",
                "value": {
                  "value": 0,
                  "type": "number"
                }
              },
              {
                "type": "get_attr",
                "value": "key"
              }
            ],
            [
              {
                "type": "get_attr",
                "value": "credentials"
              },
              {
                "type": "index",
                "value": {
                  "value": 0,
                  "type": "number"
                }
              },
              {
                "type": "get_attr",
                "value": "secret"
              }
            ],
            [
              {
                "type": "get_attr",
                "value": "properties_sensitive"
              }
            ]
          ],
          "identity_schema_version": 0,
          "private": "eyJlMmJmYjczMC1lY2FhLTExZTYtOGY4OC0zNDM2M2JjN2M0YzAiOnsiY3JlYXRlIjoyMTYwMDAwMDAwMDAwMH19",
          "dependencies": [
            "confluent_flink_compute_pool.flink_pool",
            "data.confluent_environment.env",
            "data.confluent_flink_region.flink_region",
            "data.confluent_kafka_cluster.cluster",
            "data.confluent_organization.org",
            "data.terraform_remote_state.cflt_state",
            "random_id.env_display_id"
          ]
        }
      ]
    },
    {
      "mode": "managed",
      "type": "confluent_flink_statement",
      "name": "dml",
      "provider": "provider[\"registry.terraform.io/confluentinc/confluent\"]",
      "instances": [
        {
          "schema_version": 0,
          "attributes": {
            "compute_pool": [
              {
                "id": "lfcp-k3n9k6"
              }
            ],
            "credentials": [
              {
                "key": "B3V7BMCSXWJW4IWB",
                "secret": "cfltgrAboubM6BsQdTOTduDc9E18t7QjU8lhSL01hFzixojLLNMM9VdxY3KQnIdg"
              }
            ],
            "environment": [
              {
                "id": "env-p6rg5k"
              }
            ],
            "id": "env-p6rg5k/lfcp-k3n9k6/tx-enriched-dml",
            "latest_offsets": {},
            "latest_offsets_timestamp": "0001-01-01T00:00:00Z",
            "organization": [
              {
                "id": "49cee212-6346-438a-a1fa-d1b1cbd90d44"
              }
            ],
            "principal": [
              {
                "id": "sa-81od0m0"
              }
            ],
            "properties": {
              "sql.current-catalog": "txp-environment-69025db6",
              "sql.current-database": "txp-cluster-69025db6"
            },
            "properties_sensitive": {},
            "rest_endpoint": "https://flink.us-west-2.aws.confluent.cloud",
            "statement": "INSERT INTO tx_enriched\nSELECT \n    t.txn_id,\n    TO_TIMESTAMP(REGEXP_REPLACE(COALESCE(`timestamp`, '2000-01-01T00:00:00.000000Z'),'T|Z',' '), 'yyyy-MM-dd HH:mm:SSSSSS') AS `timestamp`,\n    t.amount,\n    t.currency,\n    t.merchant,\n    t.location,\n    t.status,\n    t.transaction_type,\n    -- Customer enrichment\n    c.account_number,\n    c.customer_name,\n    c.email AS customer_email,\n    c.city AS customer_city\nFROM `txp.public.transactions` t\n-- Join with customers using temporal join (latest version)\nLEFT JOIN `txp.public.customers` as c\n    ON t.account_number = c.account_number\n",
            "statement_name": "tx-enriched-dml",
            "stopped": false,
            "timeouts": null
          },
          "sensitive_attributes": [
            [
              {
                "type": "get_attr",
                "value": "credentials"
              },
              {
                "type": "index",
                "value": {
                  "value": 0,
                  "type": "number"
                }
              },
              {
                "type": "get_attr",
                "value": "key"
              }
            ],
            [
              {
                "type": "get_attr",
                "value": "credentials"
              },
              {
                "type": "index",
                "value": {
                  "value": 0,
                  "type": "number"
                }
              },
              {
                "type": "get_attr",
                "value": "secret"
              }
            ],
            [
              {
                "type": "get_attr",
                "value": "properties_sensitive"
              }
            ]
          ],
          "identity_schema_version": 0,
          "private": "eyJlMmJmYjczMC1lY2FhLTExZTYtOGY4OC0zNDM2M2JjN2M0YzAiOnsiY3JlYXRlIjoyMTYwMDAwMDAwMDAwMH19",
          "dependencies": [
            "confluent_flink_compute_pool.flink_pool",
            "confluent_flink_statement.ddl",
            "data.confluent_environment.env",
            "data.confluent_flink_region.flink_region",
            "data.confluent_kafka_cluster.cluster",
            "data.confluent_organization.org",
            "data.terraform_remote_state.cflt_state",
            "random_id.env_display_id"
          ]
        }
      ]
    },
    {
      "mode": "managed",
      "type": "confluent_provider_integration",
      "name": "tableflow_aws",
      "provider": "provider[\"registry.terraform.io/confluentinc/confluent\"]",
      "instances": [
        {
          "index_key": 0,
          "schema_version": 0,
          "attributes": {
            "aws": [
              {
                "customer_role_arn": "arn:aws:iam::829250931565:role/j9r-role",
                "external_id": "ccd093ef-f991-4bd0-ae7c-6a1486c90037",
                "iam_role_arn": "arn:aws:iam::851725421142:role/cspi-r6y11"
              }
            ],
            "display_name": "txp-tableflow-provider-integration-4d9a07bc",
            "environment": [
              {
                "id": "env-p6rg5k"
              }
            ],
            "id": "cspi-r6y11",
            "usages": []
          },
          "sensitive_attributes": [],
          "identity_schema_version": 0,
          "private": "bnVsbA==",
          "dependencies": [
            "data.terraform_remote_state.cflt_state",
            "data.terraform_remote_state.iac",
            "random_id.env_display_id"
          ]
        }
      ]
    },
    {
      "mode": "managed",
      "type": "confluent_tableflow_topic",
      "name": "tx_enriched",
      "provider": "provider[\"registry.terraform.io/confluentinc/confluent\"]",
      "instances": [
        {
          "index_key": 0,
          "schema_version": 0,
          "attributes": {
            "azure_data_lake_storage_gen_2": [],
            "byob_aws": [
              {
                "bucket_name": "j9r-demo-buckets",
                "bucket_region": "us-west-2",
                "provider_integration_id": "cspi-r6y11"
              }
            ],
            "credentials": [
              {
                "key": "62AARYDW4CGSKBVF",
                "secret": "cfltVKwVN4irOE3NQ1Acy1Mzquu55PZVKQiXtNhTjjnYiJVBZcU1oGkJBTzASBdQ"
              }
            ],
            "display_name": "tx_enriched",
            "enable_compaction": true,
            "enable_partitioning": true,
            "environment": [
              {
                "id": "env-p6rg5k"
              }
            ],
            "error_handling": [
              {
                "log_target": "",
                "mode": "SUSPEND"
              }
            ],
            "id": "tx_enriched",
            "kafka_cluster": [
              {
                "id": "lkc-wr7qym"
              }
            ],
            "managed_storage": [],
            "record_failure_strategy": "SUSPEND",
            "retention_ms": "604800000",
            "suspended": false,
            "table_formats": [
              "ICEBERG"
            ],
            "table_path": "s3://j9r-demo-buckets/1101110/1011/49cee212-6346-438a-a1fa-d1b1cbd90d44/env-p6rg5k/lkc-wr7qym/v1/62a7b601-daed-4088-9824-45b6cc3f18cc",
            "write_mode": ""
          },
          "sensitive_attributes": [
            [
              {
                "type": "get_attr",
                "value": "credentials"
              },
              {
                "type": "index",
                "value": {
                  "value": 0,
                  "type": "number"
                }
              },
              {
                "type": "get_attr",
                "value": "key"
              }
            ],
            [
              {
                "type": "get_attr",
                "value": "credentials"
              },
              {
                "type": "index",
                "value": {
                  "value": 0,
                  "type": "number"
                }
              },
              {
                "type": "get_attr",
                "value": "secret"
              }
            ]
          ],
          "identity_schema_version": 0,
          "private": "bnVsbA==",
          "dependencies": [
            "confluent_flink_compute_pool.flink_pool",
            "confluent_flink_statement.ddl",
            "confluent_provider_integration.tableflow_aws",
            "data.confluent_environment.env",
            "data.confluent_flink_region.flink_region",
            "data.confluent_kafka_cluster.cluster",
            "data.confluent_organization.org",
            "data.terraform_remote_state.cflt_state",
            "data.terraform_remote_state.iac",
            "random_id.env_display_id"
          ]
        }
      ]
    },
    {
      "mode": "managed",
      "type": "random_id",
      "name": "env_display_id",
      "provider": "provider[\"registry.terraform.io/hashicorp/random\"]",
      "instances": [
        {
          "schema_version": 0,
          "attributes": {
            "b64_std": "TZoHvA==",
            "b64_url": "TZoHvA",
            "byte_length": 4,
            "dec": "1301940156",
            "hex": "4d9a07bc",
            "id": "TZoHvA",
            "keepers": null,
            "prefix": null
          },
          "sensitive_attributes": [],
          "identity_schema_version": 0
        }
      ]
    }
  ],
  "check_results": null
}
